
Microsoft Visual Studio Solution File, Format Version 12.00
# Visual Studio Version 17
VisualStudioVersion = 17.12.35707.178
MinimumVisualStudioVersion = 10.0.40219.1
Project("{FAE04EC0-301F-11D3-BF4B-00C04F79EFBC}") = "Serie de Fibonacci", "Serie de Fibonacci\Serie de Fibonacci.csproj", "{DED96FF1-CA65-4D19-9F44-E109949ACD3A}"
EndProject
Project("{FAE04EC0-301F-11D3-BF4B-00C04F79EFBC}") = "Hola Mundo JM", "Hola Mundo JM\Hola Mundo JM.csproj", "{6247BBE1-54EC-434F-AFF2-03517ED7E844}"
EndProject
Project("{FAE04EC0-301F-11D3-BF4B-00C04F79EFBC}") = "Suma", "Suma\Suma.csproj", "{4E64D1A6-35B8-410A-BEED-FE2438591C0A}"
EndProject
Project("{FAE04EC0-301F-11D3-BF4B-00C04F79EFBC}") = "Tarea del modulo 5", "Tarea del modulo 5\Tarea del modulo 5.csproj", "{02B1E338-66D8-4C45-B11D-10B6F9092AA5}"
EndProject
Project("{FAE04EC0-301F-11D3-BF4B-00C04F79EFBC}") = "Modulo 1 Division de dos numeros", "Modulo 1 Division de dos numeros\Modulo 1 Division de dos numeros.csproj", "{B29E6F16-C706-47E6-9090-C880FD2BA9AE}"
EndProject
Project("{FAE04EC0-301F-11D3-BF4B-00C04F79EFBC}") = "multiplicacion de dos numeros modulo1", "multiplicacion de dos numeros modulo1\multiplicacion de dos numeros modulo1.csproj", "{B5F16726-AD9A-40D3-BE55-24AC468781EC}"
EndProject
Project("{FAE04EC0-301F-11D3-BF4B-00C04F79EFBC}") = "numeros primos modulo.1", "numeros primos modulo.1\numeros primos modulo.1.csproj", "{56F4D73C-A816-4BBE-A9C3-AD995E3CED22}"
EndProject
Project("{FAE04EC0-301F-11D3-BF4B-00C04F79EFBC}") = "numeros impares.modulo1", "numeros impares.modulo1\numeros impares.modulo1.csproj", "{AC35F2DA-29FE-48F1-98DD-73B1255A1257}"
EndProject
Project("{FAE04EC0-301F-11D3-BF4B-00C04F79EFBC}") = "serie fibonacci. modulo1", "serie fibonacci. modulo1.\serie fibonacci. modulo1.csproj", "{DE03584F-9622-4660-90A9-6CD28A45B732}"
EndProject
Project("{FAE04EC0-301F-11D3-BF4B-00C04F79EFBC}") = "numeros desordenados modulo2", "numeros desordenados modulo2\numeros desordenados modulo2.csproj", "{58133AD7-A04F-425A-9D95-D17E1B819A07}"
EndProject
Project("{FAE04EC0-301F-11D3-BF4B-00C04F79EFBC}") = "Ejercicio propuesto 1", "Ejercicio propuesto 1\Ejercicio propuesto 1.csproj", "{1B623271-9867-46AF-BB3F-A8F110F256D6}"
EndProject
Project("{FAE04EC0-301F-11D3-BF4B-00C04F79EFBC}") = "calendario", "calendario\calendario.csproj", "{9FD0E373-F42C-45FF-81C1-B4418CD23048}"
EndProject
Global
	GlobalSection(SolutionConfigurationPlatforms) = preSolution
		Debug|Any CPU = Debug|Any CPU
		Release|Any CPU = Release|Any CPU
	EndGlobalSection
	GlobalSection(ProjectConfigurationPlatforms) = postSolution
		{DED96FF1-CA65-4D19-9F44-E109949ACD3A}.Debug|Any CPU.ActiveCfg = Debug|Any CPU
		{DED96FF1-CA65-4D19-9F44-E109949ACD3A}.Debug|Any CPU.Build.0 = Debug|Any CPU
		{DED96FF1-CA65-4D19-9F44-E109949ACD3A}.Release|Any CPU.ActiveCfg = Release|Any CPU
		{DED96FF1-CA65-4D19-9F44-E109949ACD3A}.Release|Any CPU.Build.0 = Release|Any CPU
		{6247BBE1-54EC-434F-AFF2-03517ED7E844}.Debug|Any CPU.ActiveCfg = Debug|Any CPU
		{6247BBE1-54EC-434F-AFF2-03517ED7E844}.Debug|Any CPU.Build.0 = Debug|Any CPU
		{6247BBE1-54EC-434F-AFF2-03517ED7E844}.Release|Any CPU.ActiveCfg = Release|Any CPU
		{6247BBE1-54EC-434F-AFF2-03517ED7E844}.Release|Any CPU.Build.0 = Release|Any CPU
		{4E64D1A6-35B8-410A-BEED-FE2438591C0A}.Debug|Any CPU.ActiveCfg = Debug|Any CPU
		{4E64D1A6-35B8-410A-BEED-FE2438591C0A}.Debug|Any CPU.Build.0 = Debug|Any CPU
		{4E64D1A6-35B8-410A-BEED-FE2438591C0A}.Release|Any CPU.ActiveCfg = Release|Any CPU
		{4E64D1A6-35B8-410A-BEED-FE2438591C0A}.Release|Any CPU.Build.0 = Release|Any CPU
		{02B1E338-66D8-4C45-B11D-10B6F9092AA5}.Debug|Any CPU.ActiveCfg = Debug|Any CPU
		{02B1E338-66D8-4C45-B11D-10B6F9092AA5}.Debug|Any CPU.Build.0 = Debug|Any CPU
		{02B1E338-66D8-4C45-B11D-10B6F9092AA5}.Release|Any CPU.ActiveCfg = Release|Any CPU
		{02B1E338-66D8-4C45-B11D-10B6F9092AA5}.Release|Any CPU.Build.0 = Release|Any CPU
		{B29E6F16-C706-47E6-9090-C880FD2BA9AE}.Debug|Any CPU.ActiveCfg = Debug|Any CPU
		{B29E6F16-C706-47E6-9090-C880FD2BA9AE}.Debug|Any CPU.Build.0 = Debug|Any CPU
		{B29E6F16-C706-47E6-9090-C880FD2BA9AE}.Release|Any CPU.ActiveCfg = Release|Any CPU
		{B29E6F16-C706-47E6-9090-C880FD2BA9AE}.Release|Any CPU.Build.0 = Release|Any CPU
		{B5F16726-AD9A-40D3-BE55-24AC468781EC}.Debug|Any CPU.ActiveCfg = Debug|Any CPU
		{B5F16726-AD9A-40D3-BE55-24AC468781EC}.Debug|Any CPU.Build.0 = Debug|Any CPU
		{B5F16726-AD9A-40D3-BE55-24AC468781EC}.Release|Any CPU.ActiveCfg = Release|Any CPU
		{B5F16726-AD9A-40D3-BE55-24AC468781EC}.Release|Any CPU.Build.0 = Release|Any CPU
		{56F4D73C-A816-4BBE-A9C3-AD995E3CED22}.Debug|Any CPU.ActiveCfg = Debug|Any CPU
		{56F4D73C-A816-4BBE-A9C3-AD995E3CED22}.Debug|Any CPU.Build.0 = Debug|Any CPU
		{56F4D73C-A816-4BBE-A9C3-AD995E3CED22}.Release|Any CPU.ActiveCfg = Release|Any CPU
		{56F4D73C-A816-4BBE-A9C3-AD995E3CED22}.Release|Any CPU.Build.0 = Release|Any CPU
		{AC35F2DA-29FE-48F1-98DD-73B1255A1257}.Debug|Any CPU.ActiveCfg = Debug|Any CPU
		{AC35F2DA-29FE-48F1-98DD-73B1255A1257}.Debug|Any CPU.Build.0 = Debug|Any CPU
		{AC35F2DA-29FE-48F1-98DD-73B1255A1257}.Release|Any CPU.ActiveCfg = Release|Any CPU
		{AC35F2DA-29FE-48F1-98DD-73B1255A1257}.Release|Any CPU.Build.0 = Release|Any CPU
		{DE03584F-9622-4660-90A9-6CD28A45B732}.Debug|Any CPU.ActiveCfg = Debug|Any CPU
		{DE03584F-9622-4660-90A9-6CD28A45B732}.Debug|Any CPU.Build.0 = Debug|Any CPU
		{DE03584F-9622-4660-90A9-6CD28A45B732}.Release|Any CPU.ActiveCfg = Release|Any CPU
		{DE03584F-9622-4660-90A9-6CD28A45B732}.Release|Any CPU.Build.0 = Release|Any CPU
		{58133AD7-A04F-425A-9D95-D17E1B819A07}.Debug|Any CPU.ActiveCfg = Debug|Any CPU
		{58133AD7-A04F-425A-9D95-D17E1B819A07}.Debug|Any CPU.Build.0 = Debug|Any CPU
		{58133AD7-A04F-425A-9D95-D17E1B819A07}.Release|Any CPU.ActiveCfg = Release|Any CPU
		{58133AD7-A04F-425A-9D95-D17E1B819A07}.Release|Any CPU.Build.0 = Release|Any CPU
		{1B623271-9867-46AF-BB3F-A8F110F256D6}.Debug|Any CPU.ActiveCfg = Debug|Any CPU
		{1B623271-9867-46AF-BB3F-A8F110F256D6}.Debug|Any CPU.Build.0 = Debug|Any CPU
		{1B623271-9867-46AF-BB3F-A8F110F256D6}.Release|Any CPU.ActiveCfg = Release|Any CPU
		{1B623271-9867-46AF-BB3F-A8F110F256D6}.Release|Any CPU.Build.0 = Release|Any CPU
		{9FD0E373-F42C-45FF-81C1-B4418CD23048}.Debug|Any CPU.ActiveCfg = Debug|Any CPU
		{9FD0E373-F42C-45FF-81C1-B4418CD23048}.Debug|Any CPU.Build.0 = Debug|Any CPU
		{9FD0E373-F42C-45FF-81C1-B4418CD23048}.Release|Any CPU.ActiveCfg = Release|Any CPU
		{9FD0E373-F42C-45FF-81C1-B4418CD23048}.Release|Any CPU.Build.0 = Release|Any CPU
	EndGlobalSection
	GlobalSection(SolutionProperties) = preSolution
		HideSolutionNode = FALSE
	EndGlobalSection
EndGlobal
